
Microsoft Visual Studio Solution File, Format Version 12.00
# Visual Studio 15
VisualStudioVersion = 15.0.28307.1321
MinimumVisualStudioVersion = 10.0.40219.1
Project("{FAE04EC0-301F-11D3-BF4B-00C04F79EFBC}") = "TestDiscord", "TestDiscord\TestDiscord.csproj", "{61BCF2C7-F383-410D-85ED-69F2654184E5}"
EndProject
Global
	GlobalSection(SolutionConfigurationPlatforms) = preSolution
		Debug|Any CPU = Debug|Any CPU
		Release|Any CPU = Release|Any CPU
	EndGlobalSection
	GlobalSection(ProjectConfigurationPlatforms) = postSolution
		{61BCF2C7-F383-410D-85ED-69F2654184E5}.Debug|Any CPU.ActiveCfg = Debug|Any CPU
		{61BCF2C7-F383-410D-85ED-69F2654184E5}.Debug|Any CPU.Build.0 = Debug|Any CPU
		{61BCF2C7-F383-410D-85ED-69F2654184E5}.Release|Any CPU.ActiveCfg = Release|Any CPU
		{61BCF2C7-F383-410D-85ED-69F2654184E5}.Release|Any CPU.Build.0 = Release|Any CPU
	EndGlobalSection
	GlobalSection(SolutionProperties) = preSolution
		HideSolutionNode = FALSE
	EndGlobalSection
	GlobalSection(ExtensibilityGlobals) = postSolution
		SolutionGuid = {7DC558E0-6180-4BE2-941E-688FFD0AEC8D}
	EndGlobalSection
EndGlobal
